// !$*UTF8*$!
{
	archiveVersion = 1;
	classes = {
	};
	objectVersion = 50;
	objects = {

/* Begin PBXBuildFile section */
		3C119DFD20971E63002CADEE /* evaluation.cpp in Sources */ = {isa = PBXBuildFile; fileRef = 3C119DFB20971E63002CADEE /* evaluation.cpp */; };
		3C3120B72094110900CD25E4 /* main.cpp in Sources */ = {isa = PBXBuildFile; fileRef = 3C3120B62094110900CD25E4 /* main.cpp */; };
		3C3120BF209411A000CD25E4 /* libconcert.a in Frameworks */ = {isa = PBXBuildFile; fileRef = 3C3120BE209411A000CD25E4 /* libconcert.a */; };
		3C3120C3209411B900CD25E4 /* libcplexdistmip.a in Frameworks */ = {isa = PBXBuildFile; fileRef = 3C3120C0209411B900CD25E4 /* libcplexdistmip.a */; };
		3C3120C4209411B900CD25E4 /* libilocplex.a in Frameworks */ = {isa = PBXBuildFile; fileRef = 3C3120C1209411B900CD25E4 /* libilocplex.a */; };
		3C3120C5209411B900CD25E4 /* libcplex.a in Frameworks */ = {isa = PBXBuildFile; fileRef = 3C3120C2209411B900CD25E4 /* libcplex.a */; };
		3C3120C7209411D600CD25E4 /* CoreFoundation.framework in Frameworks */ = {isa = PBXBuildFile; fileRef = 3C3120C6209411D600CD25E4 /* CoreFoundation.framework */; };
		3C3120C9209411DC00CD25E4 /* IOKit.framework in Frameworks */ = {isa = PBXBuildFile; fileRef = 3C3120C8209411DC00CD25E4 /* IOKit.framework */; };
/* End PBXBuildFile section */

/* Begin PBXCopyFilesBuildPhase section */
		3C3120B12094110900CD25E4 /* CopyFiles */ = {
			isa = PBXCopyFilesBuildPhase;
			buildActionMask = 2147483647;
			dstPath = /usr/share/man/man1/;
			dstSubfolderSpec = 0;
			files = (
			);
			runOnlyForDeploymentPostprocessing = 1;
		};
/* End PBXCopyFilesBuildPhase section */

/* Begin PBXFileReference section */
		3C119DF92095B70E002CADEE /* initial_pattern.txt */ = {isa = PBXFileReference; lastKnownFileType = text; path = initial_pattern.txt; sourceTree = "<group>"; };
		3C119DFB20971E63002CADEE /* evaluation.cpp */ = {isa = PBXFileReference; lastKnownFileType = sourcecode.cpp.cpp; path = evaluation.cpp; sourceTree = "<group>"; };
		3C119DFC20971E63002CADEE /* evaluation.hpp */ = {isa = PBXFileReference; lastKnownFileType = sourcecode.cpp.h; path = evaluation.hpp; sourceTree = "<group>"; };
		3C3120B32094110900CD25E4 /* social_sensor */ = {isa = PBXFileReference; explicitFileType = "compiled.mach-o.executable"; includeInIndex = 0; path = social_sensor; sourceTree = BUILT_PRODUCTS_DIR; };
		3C3120B62094110900CD25E4 /* main.cpp */ = {isa = PBXFileReference; lastKnownFileType = sourcecode.cpp.cpp; path = main.cpp; sourceTree = "<group>"; };
		3C3120BE209411A000CD25E4 /* libconcert.a */ = {isa = PBXFileReference; lastKnownFileType = archive.ar; name = libconcert.a; path = "../../../../../Applications/CPLEX_Studio128/concert/lib/x86-64_osx/static_pic/libconcert.a"; sourceTree = "<group>"; };
		3C3120C0209411B900CD25E4 /* libcplexdistmip.a */ = {isa = PBXFileReference; lastKnownFileType = archive.ar; name = libcplexdistmip.a; path = "../../../../../Applications/CPLEX_Studio128/cplex/lib/x86-64_osx/static_pic/libcplexdistmip.a"; sourceTree = "<group>"; };
		3C3120C1209411B900CD25E4 /* libilocplex.a */ = {isa = PBXFileReference; lastKnownFileType = archive.ar; name = libilocplex.a; path = "../../../../../Applications/CPLEX_Studio128/cplex/lib/x86-64_osx/static_pic/libilocplex.a"; sourceTree = "<group>"; };
		3C3120C2209411B900CD25E4 /* libcplex.a */ = {isa = PBXFileReference; lastKnownFileType = archive.ar; name = libcplex.a; path = "../../../../../Applications/CPLEX_Studio128/cplex/lib/x86-64_osx/static_pic/libcplex.a"; sourceTree = "<group>"; };
		3C3120C6209411D600CD25E4 /* CoreFoundation.framework */ = {isa = PBXFileReference; lastKnownFileType = wrapper.framework; name = CoreFoundation.framework; path = System/Library/Frameworks/CoreFoundation.framework; sourceTree = SDKROOT; };
		3C3120C8209411DC00CD25E4 /* IOKit.framework */ = {isa = PBXFileReference; lastKnownFileType = wrapper.framework; name = IOKit.framework; path = System/Library/Frameworks/IOKit.framework; sourceTree = SDKROOT; };
		3C548B7720B14F770068F6AC /* celf_training.txt */ = {isa = PBXFileReference; lastKnownFileType = text; path = celf_training.txt; sourceTree = "<group>"; };
		3C851FD320A0391B00169480 /* data_more_than_one_node.txt */ = {isa = PBXFileReference; lastKnownFileType = text; name = data_more_than_one_node.txt; path = /Users/jurimlee/Desktop/cplex_example/social_sensor/social_sensor/data_more_than_one_node.txt; sourceTree = "<absolute>"; };
/* End PBXFileReference section */

/* Begin PBXFrameworksBuildPhase section */
		3C3120B02094110900CD25E4 /* Frameworks */ = {
			isa = PBXFrameworksBuildPhase;
			buildActionMask = 2147483647;
			files = (
				3C3120C9209411DC00CD25E4 /* IOKit.framework in Frameworks */,
				3C3120C7209411D600CD25E4 /* CoreFoundation.framework in Frameworks */,
				3C3120C3209411B900CD25E4 /* libcplexdistmip.a in Frameworks */,
				3C3120C4209411B900CD25E4 /* libilocplex.a in Frameworks */,
				3C3120C5209411B900CD25E4 /* libcplex.a in Frameworks */,
				3C3120BF209411A000CD25E4 /* libconcert.a in Frameworks */,
			);
			runOnlyForDeploymentPostprocessing = 0;
		};
/* End PBXFrameworksBuildPhase section */

/* Begin PBXGroup section */
		3C3120AA2094110900CD25E4 = {
			isa = PBXGroup;
			children = (
				3C3120B52094110900CD25E4 /* social_sensor */,
				3C3120B42094110900CD25E4 /* Products */,
				3C3120BD209411A000CD25E4 /* Frameworks */,
			);
			sourceTree = "<group>";
		};
		3C3120B42094110900CD25E4 /* Products */ = {
			isa = PBXGroup;
			children = (
				3C3120B32094110900CD25E4 /* social_sensor */,
			);
			name = Products;
			sourceTree = "<group>";
		};
		3C3120B52094110900CD25E4 /* social_sensor */ = {
			isa = PBXGroup;
			children = (
				3C548B7720B14F770068F6AC /* celf_training.txt */,
				3C3120B62094110900CD25E4 /* main.cpp */,
				3C851FD320A0391B00169480 /* data_more_than_one_node.txt */,
				3C119DFB20971E63002CADEE /* evaluation.cpp */,
				3C119DFC20971E63002CADEE /* evaluation.hpp */,
				3C119DF92095B70E002CADEE /* initial_pattern.txt */,
			);
			path = social_sensor;
			sourceTree = "<group>";
		};
		3C3120BD209411A000CD25E4 /* Frameworks */ = {
			isa = PBXGroup;
			children = (
				3C3120C8209411DC00CD25E4 /* IOKit.framework */,
				3C3120C6209411D600CD25E4 /* CoreFoundation.framework */,
				3C3120C2209411B900CD25E4 /* libcplex.a */,
				3C3120C0209411B900CD25E4 /* libcplexdistmip.a */,
				3C3120C1209411B900CD25E4 /* libilocplex.a */,
				3C3120BE209411A000CD25E4 /* libconcert.a */,
			);
			name = Frameworks;
			sourceTree = "<group>";
		};
/* End PBXGroup section */

/* Begin PBXNativeTarget section */
		3C3120B22094110900CD25E4 /* social_sensor */ = {
			isa = PBXNativeTarget;
			buildConfigurationList = 3C3120BA2094110900CD25E4 /* Build configuration list for PBXNativeTarget "social_sensor" */;
			buildPhases = (
				3C3120AF2094110900CD25E4 /* Sources */,
				3C3120B02094110900CD25E4 /* Frameworks */,
				3C3120B12094110900CD25E4 /* CopyFiles */,
			);
			buildRules = (
			);
			dependencies = (
			);
			name = social_sensor;
			productName = social_sensor;
			productReference = 3C3120B32094110900CD25E4 /* social_sensor */;
			productType = "com.apple.product-type.tool";
		};
/* End PBXNativeTarget section */

/* Begin PBXProject section */
		3C3120AB2094110900CD25E4 /* Project object */ = {
			isa = PBXProject;
			attributes = {
				LastUpgradeCheck = 0930;
				ORGANIZATIONNAME = "Jurim Lee";
				TargetAttributes = {
					3C3120B22094110900CD25E4 = {
						CreatedOnToolsVersion = 9.3;
					};
				};
			};
			buildConfigurationList = 3C3120AE2094110900CD25E4 /* Build configuration list for PBXProject "social_sensor" */;
			compatibilityVersion = "Xcode 9.3";
			developmentRegion = en;
			hasScannedForEncodings = 0;
			knownRegions = (
				en,
			);
			mainGroup = 3C3120AA2094110900CD25E4;
			productRefGroup = 3C3120B42094110900CD25E4 /* Products */;
			projectDirPath = "";
			projectRoot = "";
			targets = (
				3C3120B22094110900CD25E4 /* social_sensor */,
			);
		};
/* End PBXProject section */

/* Begin PBXSourcesBuildPhase section */
		3C3120AF2094110900CD25E4 /* Sources */ = {
			isa = PBXSourcesBuildPhase;
			buildActionMask = 2147483647;
			files = (
				3C3120B72094110900CD25E4 /* main.cpp in Sources */,
				3C119DFD20971E63002CADEE /* evaluation.cpp in Sources */,
			);
			runOnlyForDeploymentPostprocessing = 0;
		};
/* End PBXSourcesBuildPhase section */

/* Begin XCBuildConfiguration section */
		3C3120B82094110900CD25E4 /* Debug */ = {
			isa = XCBuildConfiguration;
			buildSettings = {
				ALWAYS_SEARCH_USER_PATHS = NO;
				CLANG_ANALYZER_NONNULL = YES;
				CLANG_ANALYZER_NUMBER_OBJECT_CONVERSION = YES_AGGRESSIVE;
				CLANG_CXX_LANGUAGE_STANDARD = "gnu++14";
				CLANG_CXX_LIBRARY = "libc++";
				CLANG_ENABLE_MODULES = YES;
				CLANG_ENABLE_OBJC_ARC = YES;
				CLANG_ENABLE_OBJC_WEAK = YES;
				CLANG_WARN_BLOCK_CAPTURE_AUTORELEASING = YES;
				CLANG_WARN_BOOL_CONVERSION = YES;
				CLANG_WARN_COMMA = YES;
				CLANG_WARN_CONSTANT_CONVERSION = YES;
				CLANG_WARN_DEPRECATED_OBJC_IMPLEMENTATIONS = YES;
				CLANG_WARN_DIRECT_OBJC_ISA_USAGE = YES_ERROR;
				CLANG_WARN_DOCUMENTATION_COMMENTS = YES;
				CLANG_WARN_EMPTY_BODY = YES;
				CLANG_WARN_ENUM_CONVERSION = YES;
				CLANG_WARN_INFINITE_RECURSION = YES;
				CLANG_WARN_INT_CONVERSION = YES;
				CLANG_WARN_NON_LITERAL_NULL_CONVERSION = YES;
				CLANG_WARN_OBJC_IMPLICIT_RETAIN_SELF = YES;
				CLANG_WARN_OBJC_LITERAL_CONVERSION = YES;
				CLANG_WARN_OBJC_ROOT_CLASS = YES_ERROR;
				CLANG_WARN_RANGE_LOOP_ANALYSIS = YES;
				CLANG_WARN_STRICT_PROTOTYPES = YES;
				CLANG_WARN_SUSPICIOUS_MOVE = YES;
				CLANG_WARN_UNGUARDED_AVAILABILITY = YES_AGGRESSIVE;
				CLANG_WARN_UNREACHABLE_CODE = YES;
				CLANG_WARN__DUPLICATE_METHOD_MATCH = YES;
				CODE_SIGN_IDENTITY = "-";
				COPY_PHASE_STRIP = NO;
				DEBUG_INFORMATION_FORMAT = dwarf;
				ENABLE_STRICT_OBJC_MSGSEND = YES;
				ENABLE_TESTABILITY = YES;
				GCC_C_LANGUAGE_STANDARD = gnu11;
				GCC_DYNAMIC_NO_PIC = NO;
				GCC_NO_COMMON_BLOCKS = YES;
				GCC_OPTIMIZATION_LEVEL = 0;
				GCC_PREPROCESSOR_DEFINITIONS = (
					"DEBUG=1",
					"$(inherited)",
				);
				GCC_WARN_64_TO_32_BIT_CONVERSION = YES;
				GCC_WARN_ABOUT_RETURN_TYPE = YES_ERROR;
				GCC_WARN_UNDECLARED_SELECTOR = YES;
				GCC_WARN_UNINITIALIZED_AUTOS = YES_AGGRESSIVE;
				GCC_WARN_UNUSED_FUNCTION = YES;
				GCC_WARN_UNUSED_VARIABLE = YES;
				MACOSX_DEPLOYMENT_TARGET = 10.13;
				MTL_ENABLE_DEBUG_INFO = YES;
				ONLY_ACTIVE_ARCH = YES;
				SDKROOT = macosx;
			};
			name = Debug;
		};
		3C3120B92094110900CD25E4 /* Release */ = {
			isa = XCBuildConfiguration;
			buildSettings = {
				ALWAYS_SEARCH_USER_PATHS = NO;
				CLANG_ANALYZER_NONNULL = YES;
				CLANG_ANALYZER_NUMBER_OBJECT_CONVERSION = YES_AGGRESSIVE;
				CLANG_CXX_LANGUAGE_STANDARD = "gnu++14";
				CLANG_CXX_LIBRARY = "libc++";
				CLANG_ENABLE_MODULES = YES;
				CLANG_ENABLE_OBJC_ARC = YES;
				CLANG_ENABLE_OBJC_WEAK = YES;
				CLANG_WARN_BLOCK_CAPTURE_AUTORELEASING = YES;
				CLANG_WARN_BOOL_CONVERSION = YES;
				CLANG_WARN_COMMA = YES;
				CLANG_WARN_CONSTANT_CONVERSION = YES;
				CLANG_WARN_DEPRECATED_OBJC_IMPLEMENTATIONS = YES;
				CLANG_WARN_DIRECT_OBJC_ISA_USAGE = YES_ERROR;
				CLANG_WARN_DOCUMENTATION_COMMENTS = YES;
				CLANG_WARN_EMPTY_BODY = YES;
				CLANG_WARN_ENUM_CONVERSION = YES;
				CLANG_WARN_INFINITE_RECURSION = YES;
				CLANG_WARN_INT_CONVERSION = YES;
				CLANG_WARN_NON_LITERAL_NULL_CONVERSION = YES;
				CLANG_WARN_OBJC_IMPLICIT_RETAIN_SELF = YES;
				CLANG_WARN_OBJC_LITERAL_CONVERSION = YES;
				CLANG_WARN_OBJC_ROOT_CLASS = YES_ERROR;
				CLANG_WARN_RANGE_LOOP_ANALYSIS = YES;
				CLANG_WARN_STRICT_PROTOTYPES = YES;
				CLANG_WARN_SUSPICIOUS_MOVE = YES;
				CLANG_WARN_UNGUARDED_AVAILABILITY = YES_AGGRESSIVE;
				CLANG_WARN_UNREACHABLE_CODE = YES;
				CLANG_WARN__DUPLICATE_METHOD_MATCH = YES;
				CODE_SIGN_IDENTITY = "-";
				COPY_PHASE_STRIP = NO;
				DEBUG_INFORMATION_FORMAT = "dwarf-with-dsym";
				ENABLE_NS_ASSERTIONS = NO;
				ENABLE_STRICT_OBJC_MSGSEND = YES;
				GCC_C_LANGUAGE_STANDARD = gnu11;
				GCC_NO_COMMON_BLOCKS = YES;
				GCC_WARN_64_TO_32_BIT_CONVERSION = YES;
				GCC_WARN_ABOUT_RETURN_TYPE = YES_ERROR;
				GCC_WARN_UNDECLARED_SELECTOR = YES;
				GCC_WARN_UNINITIALIZED_AUTOS = YES_AGGRESSIVE;
				GCC_WARN_UNUSED_FUNCTION = YES;
				GCC_WARN_UNUSED_VARIABLE = YES;
				MACOSX_DEPLOYMENT_TARGET = 10.13;
				MTL_ENABLE_DEBUG_INFO = NO;
				SDKROOT = macosx;
			};
			name = Release;
		};
		3C3120BB2094110900CD25E4 /* Debug */ = {
			isa = XCBuildConfiguration;
			buildSettings = {
				CODE_SIGN_STYLE = Automatic;
				FRAMEWORK_SEARCH_PATHS = (
					"/Applications/CPLEX_Studio128/concert/lib/x86-64_osx/static_pic",
					"/Applications/CPLEX_Studio128/cplex/lib/x86-64_osx/static_pic",
				);
				HEADER_SEARCH_PATHS = (
					/Applications/CPLEX_Studio128/cplex/include,
					"$(inherited)",
					/Applications/CPLEX_Studio128/concert/include,
				);
				LIBRARY_SEARCH_PATHS = (
					"$(inherited)",
					"/Applications/CPLEX_Studio128/cplex/lib/x86-64_osx/static_pic",
					"/Applications/CPLEX_Studio128/concert/lib/x86-64_osx/static_pic",
				);
				OTHER_CFLAGS = "-DIL_STD";
				PRODUCT_NAME = "$(TARGET_NAME)";
			};
			name = Debug;
		};
		3C3120BC2094110900CD25E4 /* Release */ = {
			isa = XCBuildConfiguration;
			buildSettings = {
				CODE_SIGN_STYLE = Automatic;
				FRAMEWORK_SEARCH_PATHS = (
					"/Applications/CPLEX_Studio128/concert/lib/x86-64_osx/static_pic",
					"/Applications/CPLEX_Studio128/cplex/lib/x86-64_osx/static_pic",
				);
				HEADER_SEARCH_PATHS = (
					/Applications/CPLEX_Studio128/cplex/include,
					"$(inherited)",
					/Applications/CPLEX_Studio128/concert/include,
				);
				LIBRARY_SEARCH_PATHS = (
					"$(inherited)",
					"/Applications/CPLEX_Studio128/cplex/lib/x86-64_osx/static_pic",
					"/Applications/CPLEX_Studio128/concert/lib/x86-64_osx/static_pic",
				);
				OTHER_CFLAGS = "-DIL_STD";
				PRODUCT_NAME = "$(TARGET_NAME)";
			};
			name = Release;
		};
/* End XCBuildConfiguration section */

/* Begin XCConfigurationList section */
		3C3120AE2094110900CD25E4 /* Build configuration list for PBXProject "social_sensor" */ = {
			isa = XCConfigurationList;
			buildConfigurations = (
				3C3120B82094110900CD25E4 /* Debug */,
				3C3120B92094110900CD25E4 /* Release */,
			);
			defaultConfigurationIsVisible = 0;
			defaultConfigurationName = Release;
		};
		3C3120BA2094110900CD25E4 /* Build configuration list for PBXNativeTarget "social_sensor" */ = {
			isa = XCConfigurationList;
			buildConfigurations = (
				3C3120BB2094110900CD25E4 /* Debug */,
				3C3120BC2094110900CD25E4 /* Release */,
			);
			defaultConfigurationIsVisible = 0;
			defaultConfigurationName = Release;
		};
/* End XCConfigurationList section */
	};
	rootObject = 3C3120AB2094110900CD25E4 /* Project object */;
}
